PODS:
  - BanubaARCloudSDK (1.26.3-alpha)
  - BanubaAudioBrowserSDK (1.26.3-alpha)
  - BanubaEffectPlayer (1.26.3-alpha)
  - BanubaLicenseServicingSDK (1.26.3-alpha)
  - BanubaMusicEditorSDK (1.26.3-alpha)
  - BanubaOverlayEditorSDK (1.26.3-alpha)
  - BanubaSDK (1.26.3-alpha)
  - BanubaSDKServicing (1.26.3-alpha)
  - BanubaSDKSimple (1.26.3-alpha)
  - BanubaUtilities (1.26.3-alpha)
  - BanubaVideoEditorGallerySDK (1.26.3-alpha)
  - BanubaVideoEditorSDK (1.26.3-alpha)
  - BanubaVideoEditorTrimSDK (1.26.3-alpha)
  - BNBLicenseUtils (1.26.3-alpha)
  - Flutter (1.0.0)
  - image_picker_ios (0.0.1):
    - Flutter
  - path_provider_ios (0.0.1):
    - Flutter
  - url_launcher_ios (0.0.1):
    - Flutter
  - VEEffectsSDK (1.26.3-alpha)
  - VEExportSDK (1.26.3-alpha)
  - VEPlaybackSDK (1.26.3-alpha)
  - VideoEditor (1.26.3-alpha)

DEPENDENCIES:
  - BanubaARCloudSDK (= 1.26.3-alpha)
  - BanubaAudioBrowserSDK (= 1.26.3-alpha)
  - BanubaEffectPlayer (= 1.26.3-alpha)
  - BanubaLicenseServicingSDK (= 1.26.3-alpha)
  - BanubaMusicEditorSDK (= 1.26.3-alpha)
  - BanubaOverlayEditorSDK (= 1.26.3-alpha)
  - BanubaSDK (= 1.26.3-alpha)
  - BanubaSDKServicing (= 1.26.3-alpha)
  - BanubaSDKSimple (= 1.26.3-alpha)
  - BanubaUtilities (= 1.26.3-alpha)
  - BanubaVideoEditorGallerySDK (= 1.26.3-alpha)
  - BanubaVideoEditorSDK (= 1.26.3-alpha)
  - BanubaVideoEditorTrimSDK (= 1.26.3-alpha)
  - BNBLicenseUtils (= 1.26.3-alpha)
  - Flutter (from `Flutter`)
  - image_picker_ios (from `.symlinks/plugins/image_picker_ios/ios`)
  - path_provider_ios (from `.symlinks/plugins/path_provider_ios/ios`)
  - url_launcher_ios (from `.symlinks/plugins/url_launcher_ios/ios`)
  - VEEffectsSDK (= 1.26.3-alpha)
  - VEExportSDK (= 1.26.3-alpha)
  - VEPlaybackSDK (= 1.26.3-alpha)
  - VideoEditor (= 1.26.3-alpha)

SPEC REPOS:
  https://github.com/Banuba/specs.git:
    - BanubaARCloudSDK
    - BanubaAudioBrowserSDK
    - BanubaEffectPlayer
    - BanubaLicenseServicingSDK
    - BanubaMusicEditorSDK
    - BanubaOverlayEditorSDK
    - BanubaSDK
    - BanubaSDKServicing
    - BanubaSDKSimple
    - BanubaUtilities
    - BanubaVideoEditorGallerySDK
    - BanubaVideoEditorSDK
    - BanubaVideoEditorTrimSDK
    - BNBLicenseUtils
    - VEEffectsSDK
    - VEExportSDK
    - VEPlaybackSDK
    - VideoEditor

EXTERNAL SOURCES:
  Flutter:
    :path: Flutter
  image_picker_ios:
    :path: ".symlinks/plugins/image_picker_ios/ios"
  path_provider_ios:
    :path: ".symlinks/plugins/path_provider_ios/ios"
  url_launcher_ios:
    :path: ".symlinks/plugins/url_launcher_ios/ios"

SPEC CHECKSUMS:
  BanubaARCloudSDK: 1d7780d7677f43ec070043657f6b7828aeeef936
  BanubaAudioBrowserSDK: c288d7932b46f79720388872dc006d51b8274c3a
  BanubaEffectPlayer: 9c0ba688e3fb0445181ee95ddf61fd768c0ecd55
  BanubaLicenseServicingSDK: b136e892c26d4957eabf63bdb319973c2dc28508
  BanubaMusicEditorSDK: f7866020072b28bacd9ce5be7757f25475928cdc
  BanubaOverlayEditorSDK: 05484f7a9dd627fbd5dc5b76bd83f29a6485eaa0
  BanubaSDK: 03f8d2aa0811cc428f5fefd8e1d87fd5a43cd578
  BanubaSDKServicing: 7cf4a35be444b0a47d2a4c179c46761360261e80
  BanubaSDKSimple: e0fd8b9bf56babd14e5dd05165619b236c62920b
  BanubaUtilities: 4ef2f23c95e2ccfb3f7d1999629b24674295f5da
  BanubaVideoEditorGallerySDK: a10591dadc5b425cd9c5faa06e7ca39524a57315
  BanubaVideoEditorSDK: 14be92fc0b1a3f4a164f8add36ffa538cf20f3fe
  BanubaVideoEditorTrimSDK: ed385da9f8c0545170898f634dd370c6fa56291c
  BNBLicenseUtils: 9d233f4da24bb1880e6f27cc4369d43a93a4682b
  Flutter: 50d75fe2f02b26cc09d224853bb45737f8b3214a
  image_picker_ios: b786a5dcf033a8336a657191401bfdf12017dabb
  path_provider_ios: 14f3d2fd28c4fdb42f44e0f751d12861c43cee02
  url_launcher_ios: 839c58cdb4279282219f5e248c3321761ff3c4de
  VEEffectsSDK: 9fea25854cdeda88a7ce3b42775593ea925d89a5
  VEExportSDK: 072eadcd9cac0c26baed30e7ab314bfbbf9e3308
  VEPlaybackSDK: 83941f1bc327ac2911075de8a58e0da6641299ec
  VideoEditor: bb4f452fad37b7965d106053af35b0500566cab8

PODFILE CHECKSUM: d17c82a718e0f1869e36c4d5fef74573fe19eaf8

COCOAPODS: 1.11.3
